# THIS IS AN AUTOGENERATED FILE. DO NOT EDIT THIS FILE DIRECTLY.
# yarn lockfile v1


camelcase-css@^2.0.1:
  version "2.0.1"
  resolved "https://registry.npmmirror.com/camelcase-css/-/camelcase-css-2.0.1.tgz"
  integrity sha512-QOSvevhslijgYwRx6Rv7zKdMF8lbRmx+uQGx2+vDc+KI/eBnsy9kit5aj23AgGu3pa4t9AgwbnXWqS+iOY+2aA==

css-selector-tokenizer@^0.8:
  version "0.8.0"
  resolved "https://registry.npmmirror.com/css-selector-tokenizer/-/css-selector-tokenizer-0.8.0.tgz"
  integrity sha512-Jd6Ig3/pe62/qe5SBPTN8h8LeUg/pT4lLgtavPf7updwwHpvFzxvOQBHYj2LZDMjUnBzgvIUSjRcf6oT5HzHFg==
  dependencies:
    cssesc "^3.0.0"
    fastparse "^1.1.2"

cssesc@^3.0.0:
  version "3.0.0"
  resolved "https://registry.npmmirror.com/cssesc/-/cssesc-3.0.0.tgz"
  integrity sha512-/Tb/JcjK111nNScGob5MNtsntNM1aCNUDipB/TkwZFhyDrrE47SOx/18wF2bbjgc3ZzCSKW1T5nt5EbFoAz/Vg==

culori@^3:
  version "3.3.0"
  resolved "https://registry.npmmirror.com/culori/-/culori-3.3.0.tgz"
  integrity sha512-pHJg+jbuFsCjz9iclQBqyL3B2HLCBF71BwVNujUYEvCeQMvV97R59MNK3R2+jgJ3a1fcZgI9B3vYgz8lzr/BFQ==

daisyui@^4.4.6:
  version "4.4.6"
  resolved "https://registry.npmmirror.com/daisyui/-/daisyui-4.4.6.tgz"
  integrity sha512-Zum9dWsYufduID4IfwI1h/+qQIuoXBpVaG9l/rOlLOVbCmpvE7LQK/GDYE7YOT8NDXHOH+EqMqT8uzGqlbTFig==
  dependencies:
    css-selector-tokenizer "^0.8"
    culori "^3"
    picocolors "^1"
    postcss-js "^4"

fastparse@^1.1.2:
  version "1.1.2"
  resolved "https://registry.npmmirror.com/fastparse/-/fastparse-1.1.2.tgz"
  integrity sha512-483XLLxTVIwWK3QTrMGRqUfUpoOs/0hbQrl2oz4J0pAcm3A3bu84wxTFqGqkJzewCLdME38xJLJAxBABfQT8sQ==

nanoid@^3.3.6:
  version "3.3.7"
  resolved "https://registry.npmmirror.com/nanoid/-/nanoid-3.3.7.tgz"
  integrity sha512-eSRppjcPIatRIMC1U6UngP8XFcz8MQWGQdt1MTBQ7NaAmvXDfvNxbvWV3x2y6CdEUciCSsDHDQZbhYaB8QEo2g==

picocolors@^1, picocolors@^1.0.0:
  version "1.0.0"
  resolved "https://registry.npmmirror.com/picocolors/-/picocolors-1.0.0.tgz"
  integrity sha512-1fygroTLlHu66zi26VoTDv8yRgm0Fccecssto+MhsZ0D/DGW2sm8E8AjW7NU5VVTRt5GxbeZ5qBuJr+HyLYkjQ==

postcss-js@^4:
  version "4.0.1"
  resolved "https://registry.npmmirror.com/postcss-js/-/postcss-js-4.0.1.tgz"
  integrity sha512-dDLF8pEO191hJMtlHFPRa8xsizHaM82MLfNkUHdUtVEV3tgTp5oj+8qbEqYM57SLfc74KSbw//4SeJma2LRVIw==
  dependencies:
    camelcase-css "^2.0.1"

postcss@^8.4.21:
  version "8.4.31"
  resolved "https://registry.npmmirror.com/postcss/-/postcss-8.4.31.tgz"
  integrity sha512-PS08Iboia9mts/2ygV3eLpY5ghnUcfLV/EXTOW1E2qYxJKGGBUtNjN76FYHnMs36RmARn41bC0AZmn+rR0OVpQ==
  dependencies:
    nanoid "^3.3.6"
    picocolors "^1.0.0"
    source-map-js "^1.0.2"

source-map-js@^1.0.2:
  version "1.0.2"
  resolved "https://registry.npmmirror.com/source-map-js/-/source-map-js-1.0.2.tgz"
  integrity sha512-R0XvVJ9WusLiqTCEiGCmICCMplcCkIwwR11mOSD9CR5u+IXYdiseeEuXCVAjS54zqwkLcPNnmU4OeJ6tUrWhDw==

yarn@^1.22.21:
  version "1.22.21"
  resolved "https://registry.npmmirror.com/yarn/-/yarn-1.22.21.tgz"
  integrity sha512-ynXaJsADJ9JiZ84zU25XkPGOvVMmZ5b7tmTSpKURYwgELdjucAOydqIOrOfTxVYcNXe91xvLZwcRh68SR3liCg==
